# This file was autogenerated by Stack.
# You should not edit this file by hand.
# For more information, please see the documentation at:
#   https://docs.haskellstack.org/en/stable/lock_files

packages:
- completed:
    hackage: xmonad-0.17.1@sha256:570207c8cae53eec6131b4e50c6ddaed1f2aefb02b4fd15eb4576a3516babaa8,5558
    pantry-tree:
      size: 2486
      sha256: f9b4652e36a8975347daf3475827bc302abb3cde2b4ad65ed5b0ff5f5ec2ad64
  original:
    hackage: xmonad-0.17.1
- completed:
    hackage: xmonad-contrib-0.17.1@sha256:ba8a48a04648db62017afca053fccebfb7fc2bab3545348050571cd32b897f79,21446
    pantry-tree:
      size: 22735
      sha256: 687d0207514a192d32d988317224993f43b5237561b9a4fc501fe1a73be06971
  original:
    hackage: xmonad-contrib-0.17.1
- completed:
    hackage: X11-1.10.2@sha256:5f449203afe0240ca5124dc4b28d906fbde1d56a15c0c95534f677060f8b72ac,3747
    pantry-tree:
      size: 2861
      sha256: b0cd22d02719a0b53da816a292eb599b9a5ab28fd4b71509332e2840e4f75277
  original:
    hackage: X11-1.10.2
snapshots:
- completed:
    size: 619399
    url: https://raw.githubusercontent.com/commercialhaskell/stackage-snapshots/master/lts/19/23.yaml
    sha256: f5d9002479d87103fd070f17cfe71fcd2147676f1e47a2dabca5ab91a42b846d
  original: lts-19.23
