# This file was autogenerated by Stack.
# You should not edit this file by hand.
# For more information, please see the documentation at:
#   https://docs.haskellstack.org/en/stable/lock_files

packages:
- completed:
    hackage: xmobar-0.44.1@sha256:fac935348768052c29f6d2f81962d9f8b2974843298f6fd8cb839cd1094f089e,14778
    pantry-tree:
      size: 9344
      sha256: 208216f4732a470924dd1ba6e7aa9b3fb210387e859dc6dc5bf8fa9b7cbbc62a
  original:
    hackage: xmobar-0.44.1
snapshots:
- completed:
    size: 619204
    url: https://raw.githubusercontent.com/commercialhaskell/stackage-snapshots/master/lts/19/33.yaml
    sha256: 6d1532d40621957a25bad5195bfca7938e8a06d923c91bc52aa0f3c41181f2d4
  original: lts-19.33
